// !$*UTF8*$!
{
	archiveVersion = 1;
	classes = {
	};
	objectVersion = 56;
	objects = {

/* Begin PBXBuildFile section */
		113795522A07F60000597299 /* RunwaySurface.swift in Sources */ = {isa = PBXBuildFile; fileRef = 113795512A07F60000597299 /* RunwaySurface.swift */; };
		113795542A07F67600597299 /* AirportType.swift in Sources */ = {isa = PBXBuildFile; fileRef = 113795532A07F67600597299 /* AirportType.swift */; };
		113795562A07F70A00597299 /* AirportFilterItem.swift in Sources */ = {isa = PBXBuildFile; fileRef = 113795552A07F70A00597299 /* AirportFilterItem.swift */; };
		113795582A07F77D00597299 /* AirportFilterSettings.swift in Sources */ = {isa = PBXBuildFile; fileRef = 113795572A07F77D00597299 /* AirportFilterSettings.swift */; };
		1137955B2A08660E00597299 /* AirportFilterSearchItemsView.swift in Sources */ = {isa = PBXBuildFile; fileRef = 1137955A2A08660E00597299 /* AirportFilterSearchItemsView.swift */; };
		1137955D2A0866D500597299 /* AirportsFilterRunwaysLengthView.swift in Sources */ = {isa = PBXBuildFile; fileRef = 1137955C2A0866D500597299 /* AirportsFilterRunwaysLengthView.swift */; };
		1137955F2A09372800597299 /* AirportsFilterRunwayLightView.swift in Sources */ = {isa = PBXBuildFile; fileRef = 1137955E2A09372800597299 /* AirportsFilterRunwayLightView.swift */; };
		113795612A093ADC00597299 /* AirportsFilterSelectionView.swift in Sources */ = {isa = PBXBuildFile; fileRef = 113795602A093ADC00597299 /* AirportsFilterSelectionView.swift */; };
		11D4F4782A03E973001DDC46 /* AirportsViewModel.swift in Sources */ = {isa = PBXBuildFile; fileRef = 11D4F46C2A03E973001DDC46 /* AirportsViewModel.swift */; };
		11D4F4792A03E973001DDC46 /* AirportCellViewModel.swift in Sources */ = {isa = PBXBuildFile; fileRef = 11D4F46D2A03E973001DDC46 /* AirportCellViewModel.swift */; };
		11D4F47A2A03E973001DDC46 /* DetailViewModel.swift in Sources */ = {isa = PBXBuildFile; fileRef = 11D4F46E2A03E973001DDC46 /* DetailViewModel.swift */; };
		11D4F47B2A03E973001DDC46 /* BannerUnderlayView.swift in Sources */ = {isa = PBXBuildFile; fileRef = 11D4F4702A03E973001DDC46 /* BannerUnderlayView.swift */; };
		11D4F47C2A03E973001DDC46 /* AirportsMainView.swift in Sources */ = {isa = PBXBuildFile; fileRef = 11D4F4712A03E973001DDC46 /* AirportsMainView.swift */; };
		11D4F47D2A03E973001DDC46 /* AirportDetailView.swift in Sources */ = {isa = PBXBuildFile; fileRef = 11D4F4732A03E973001DDC46 /* AirportDetailView.swift */; };
		11D4F47F2A03E973001DDC46 /* BannerViewController.swift in Sources */ = {isa = PBXBuildFile; fileRef = 11D4F4762A03E973001DDC46 /* BannerViewController.swift */; };
		11D4F4802A03E973001DDC46 /* AirportsViewController.swift in Sources */ = {isa = PBXBuildFile; fileRef = 11D4F4772A03E973001DDC46 /* AirportsViewController.swift */; };
		11D4F4842A041F9F001DDC46 /* AirportFilterViewController.swift in Sources */ = {isa = PBXBuildFile; fileRef = 11D4F4832A041F9F001DDC46 /* AirportFilterViewController.swift */; };
		11D4F4862A041FC7001DDC46 /* AirportFilterView.swift in Sources */ = {isa = PBXBuildFile; fileRef = 11D4F4852A041FC7001DDC46 /* AirportFilterView.swift */; };
		4E05C57429D98D4C00E228CD /* UIStackView.swift in Sources */ = {isa = PBXBuildFile; fileRef = 4E05C57329D98D4C00E228CD /* UIStackView.swift */; };
		4E08E50F29E2FAD800B6F8E1 /* PointAnnotation.swift in Sources */ = {isa = PBXBuildFile; fileRef = 4E08E50E29E2FAD800B6F8E1 /* PointAnnotation.swift */; };
		4E2C26AD29D73ECE005B6710 /* RxPointAnnotationManager.swift in Sources */ = {isa = PBXBuildFile; fileRef = 4E2C26AC29D73ECE005B6710 /* RxPointAnnotationManager.swift */; };
		4E3019BD29EAE38200852427 /* Runway.swift in Sources */ = {isa = PBXBuildFile; fileRef = 4E3019BC29EAE38200852427 /* Runway.swift */; };
		4E3019BF29EAE38B00852427 /* Frequency.swift in Sources */ = {isa = PBXBuildFile; fileRef = 4E3019BE29EAE38B00852427 /* Frequency.swift */; };
		4E3019C129EAE39100852427 /* City.swift in Sources */ = {isa = PBXBuildFile; fileRef = 4E3019C029EAE39100852427 /* City.swift */; };
		4E3B3A9F29D43B4800971840 /* AppDelegate.swift in Sources */ = {isa = PBXBuildFile; fileRef = 4E3B3A9E29D43B4800971840 /* AppDelegate.swift */; };
		4E3B3AA129D43B4800971840 /* SceneDelegate.swift in Sources */ = {isa = PBXBuildFile; fileRef = 4E3B3AA029D43B4800971840 /* SceneDelegate.swift */; };
		4E3B3AA829D43B4800971840 /* Assets.xcassets in Resources */ = {isa = PBXBuildFile; fileRef = 4E3B3AA729D43B4800971840 /* Assets.xcassets */; };
		4E3B3AAB29D43B4800971840 /* LaunchScreen.storyboard in Resources */ = {isa = PBXBuildFile; fileRef = 4E3B3AA929D43B4800971840 /* LaunchScreen.storyboard */; };
		4E3B3ABC29D444E400971840 /* RxCocoa in Frameworks */ = {isa = PBXBuildFile; productRef = 4E3B3ABB29D444E400971840 /* RxCocoa */; };
		4E3B3ABE29D444E400971840 /* RxSwift in Frameworks */ = {isa = PBXBuildFile; productRef = 4E3B3ABD29D444E400971840 /* RxSwift */; };
		4E3B3AC129D4451D00971840 /* Alamofire in Frameworks */ = {isa = PBXBuildFile; productRef = 4E3B3AC029D4451D00971840 /* Alamofire */; };
		4E3B3AC429D4553000971840 /* MapboxMaps in Frameworks */ = {isa = PBXBuildFile; productRef = 4E3B3AC329D4553000971840 /* MapboxMaps */; };
		4E3C047529F9355F00CB08EB /* Database.swift in Sources */ = {isa = PBXBuildFile; fileRef = 4E3C047429F9355F00CB08EB /* Database.swift */; };
		4E4D50722A146050007D27FC /* AirportDetailView.xib in Resources */ = {isa = PBXBuildFile; fileRef = 4E4D50712A146050007D27FC /* AirportDetailView.xib */; };
		4E54DBC72A13DC5900CE8635 /* PivotModel.swift in Sources */ = {isa = PBXBuildFile; fileRef = 4E54DBC62A13DC5900CE8635 /* PivotModel.swift */; };
		4E5C2DDD29FC885B00B66A02 /* SearchPattern.swift in Sources */ = {isa = PBXBuildFile; fileRef = 4E5C2DDC29FC885B00B66A02 /* SearchPattern.swift */; };
		4E5C2DDF29FC9E9700B66A02 /* BackgroundMap.swift in Sources */ = {isa = PBXBuildFile; fileRef = 4E5C2DDE29FC9E9700B66A02 /* BackgroundMap.swift */; };
		4E6157292A1471AF008BAD4B /* Numeric.swift in Sources */ = {isa = PBXBuildFile; fileRef = 4E6157282A1471AF008BAD4B /* Numeric.swift */; };
		4E63C9322A1122D300A86D15 /* Collection.swift in Sources */ = {isa = PBXBuildFile; fileRef = 4E63C9312A1122D300A86D15 /* Collection.swift */; };
		4E6B37AB29DBA1BB005B97F2 /* SkipNil.swift in Sources */ = {isa = PBXBuildFile; fileRef = 4E6B37AA29DBA1BB005B97F2 /* SkipNil.swift */; };
		4E6B37AD29DBA44E005B97F2 /* ReturnEmpty.swift in Sources */ = {isa = PBXBuildFile; fileRef = 4E6B37AC29DBA44E005B97F2 /* ReturnEmpty.swift */; };
		4E78FBF32A137B27005DF136 /* aerokit_database.sqlite in Resources */ = {isa = PBXBuildFile; fileRef = 4E78FBF22A137B27005DF136 /* aerokit_database.sqlite */; };
		4E87DA1929E1EA18000C5426 /* ErrorRouter.swift in Sources */ = {isa = PBXBuildFile; fileRef = 4E87DA1829E1EA18000C5426 /* ErrorRouter.swift */; };
		4E8D18882A0E6C960087DCCD /* NoPasteTextField.swift in Sources */ = {isa = PBXBuildFile; fileRef = 4E8D18872A0E6C960087DCCD /* NoPasteTextField.swift */; };
		4EA25E332A12C70600E561BE /* Cities.swift in Sources */ = {isa = PBXBuildFile; fileRef = 4EA25E322A12C70600E561BE /* Cities.swift */; };
		4EA72A2B29D6365200836CDF /* Airport.swift in Sources */ = {isa = PBXBuildFile; fileRef = 4EA72A2A29D6365200836CDF /* Airport.swift */; };
		4EA72A2D29D636FA00836CDF /* APIRequest.swift in Sources */ = {isa = PBXBuildFile; fileRef = 4EA72A2C29D636FA00836CDF /* APIRequest.swift */; };
		4EA72A3029D6373000836CDF /* APIClient.swift in Sources */ = {isa = PBXBuildFile; fileRef = 4EA72A2F29D6373000836CDF /* APIClient.swift */; };
		4EA72A3229D6377400836CDF /* Network.swift in Sources */ = {isa = PBXBuildFile; fileRef = 4EA72A3129D6377400836CDF /* Network.swift */; };
		4EAC54C529DF035700EDDA71 /* BlankView.swift in Sources */ = {isa = PBXBuildFile; fileRef = 4EAC54C429DF035700EDDA71 /* BlankView.swift */; };
		4EB9007429D85ABE00C64110 /* SearchFieldView.swift in Sources */ = {isa = PBXBuildFile; fileRef = 4EB9007329D85ABE00C64110 /* SearchFieldView.swift */; };
		4EB9007629D8681900C64110 /* UIView.swift in Sources */ = {isa = PBXBuildFile; fileRef = 4EB9007529D8681900C64110 /* UIView.swift */; };
		4EBCA03E29EAA3E600363661 /* SQLite in Frameworks */ = {isa = PBXBuildFile; productRef = 4EBCA03D29EAA3E600363661 /* SQLite */; };
		4EBCA04329EAC2EC00363661 /* DatabaseManager.swift in Sources */ = {isa = PBXBuildFile; fileRef = 4EBCA04229EAC2EC00363661 /* DatabaseManager.swift */; };
		4ECD111629FBEFAC009FA56C /* Airports.swift in Sources */ = {isa = PBXBuildFile; fileRef = 4ECD111529FBEFAC009FA56C /* Airports.swift */; };
		4ECD111829FBEFDB009FA56C /* Runways.swift in Sources */ = {isa = PBXBuildFile; fileRef = 4ECD111729FBEFDB009FA56C /* Runways.swift */; };
		4ECD111A29FBF012009FA56C /* Frequencies.swift in Sources */ = {isa = PBXBuildFile; fileRef = 4ECD111929FBF012009FA56C /* Frequencies.swift */; };
		4ECD111C29FC03F1009FA56C /* DatabaseFetcher.swift in Sources */ = {isa = PBXBuildFile; fileRef = 4ECD111B29FC03F1009FA56C /* DatabaseFetcher.swift */; };
		4ECEC07C29D996EE0070195D /* UIColor.swift in Sources */ = {isa = PBXBuildFile; fileRef = 4ECEC07B29D996EE0070195D /* UIColor.swift */; };
		4ECEC07E29D9979C0070195D /* UIImageView.swift in Sources */ = {isa = PBXBuildFile; fileRef = 4ECEC07D29D9979C0070195D /* UIImageView.swift */; };
		4ECEC08029D998D40070195D /* UIButton.swift in Sources */ = {isa = PBXBuildFile; fileRef = 4ECEC07F29D998D40070195D /* UIButton.swift */; };
		4ECEC08429D99E910070195D /* String.swift in Sources */ = {isa = PBXBuildFile; fileRef = 4ECEC08329D99E910070195D /* String.swift */; };
		4EE0848F29FC75D600898DB3 /* AirportPreview.swift in Sources */ = {isa = PBXBuildFile; fileRef = 4EE0848E29FC75D600898DB3 /* AirportPreview.swift */; };
		4EE5EE3E29D574E7000AAE58 /* SnapKit in Frameworks */ = {isa = PBXBuildFile; productRef = 4EE5EE3D29D574E7000AAE58 /* SnapKit */; };
		4EE5EE4129D588B6000AAE58 /* UIImage.swift in Sources */ = {isa = PBXBuildFile; fileRef = 4EE5EE4029D588B6000AAE58 /* UIImage.swift */; };
		4EEEECF429DE22AC00769E48 /* AirportCell.swift in Sources */ = {isa = PBXBuildFile; fileRef = 4EEEECF229DE22AC00769E48 /* AirportCell.swift */; };
		4EEEECF529DE22AC00769E48 /* AirportCell.xib in Resources */ = {isa = PBXBuildFile; fileRef = 4EEEECF329DE22AC00769E48 /* AirportCell.xib */; };
/* End PBXBuildFile section */

/* Begin PBXFileReference section */
		113795512A07F60000597299 /* RunwaySurface.swift */ = {isa = PBXFileReference; lastKnownFileType = sourcecode.swift; path = RunwaySurface.swift; sourceTree = "<group>"; };
		113795532A07F67600597299 /* AirportType.swift */ = {isa = PBXFileReference; lastKnownFileType = sourcecode.swift; path = AirportType.swift; sourceTree = "<group>"; };
		113795552A07F70A00597299 /* AirportFilterItem.swift */ = {isa = PBXFileReference; lastKnownFileType = sourcecode.swift; path = AirportFilterItem.swift; sourceTree = "<group>"; };
		113795572A07F77D00597299 /* AirportFilterSettings.swift */ = {isa = PBXFileReference; lastKnownFileType = sourcecode.swift; path = AirportFilterSettings.swift; sourceTree = "<group>"; };
		1137955A2A08660E00597299 /* AirportFilterSearchItemsView.swift */ = {isa = PBXFileReference; lastKnownFileType = sourcecode.swift; path = AirportFilterSearchItemsView.swift; sourceTree = "<group>"; };
		1137955C2A0866D500597299 /* AirportsFilterRunwaysLengthView.swift */ = {isa = PBXFileReference; lastKnownFileType = sourcecode.swift; path = AirportsFilterRunwaysLengthView.swift; sourceTree = "<group>"; };
		1137955E2A09372800597299 /* AirportsFilterRunwayLightView.swift */ = {isa = PBXFileReference; lastKnownFileType = sourcecode.swift; path = AirportsFilterRunwayLightView.swift; sourceTree = "<group>"; };
		113795602A093ADC00597299 /* AirportsFilterSelectionView.swift */ = {isa = PBXFileReference; lastKnownFileType = sourcecode.swift; path = AirportsFilterSelectionView.swift; sourceTree = "<group>"; };
		11D4F46C2A03E973001DDC46 /* AirportsViewModel.swift */ = {isa = PBXFileReference; fileEncoding = 4; lastKnownFileType = sourcecode.swift; path = AirportsViewModel.swift; sourceTree = "<group>"; };
		11D4F46D2A03E973001DDC46 /* AirportCellViewModel.swift */ = {isa = PBXFileReference; fileEncoding = 4; lastKnownFileType = sourcecode.swift; path = AirportCellViewModel.swift; sourceTree = "<group>"; };
		11D4F46E2A03E973001DDC46 /* DetailViewModel.swift */ = {isa = PBXFileReference; fileEncoding = 4; lastKnownFileType = sourcecode.swift; path = DetailViewModel.swift; sourceTree = "<group>"; };
		11D4F4702A03E973001DDC46 /* BannerUnderlayView.swift */ = {isa = PBXFileReference; fileEncoding = 4; lastKnownFileType = sourcecode.swift; path = BannerUnderlayView.swift; sourceTree = "<group>"; };
		11D4F4712A03E973001DDC46 /* AirportsMainView.swift */ = {isa = PBXFileReference; fileEncoding = 4; lastKnownFileType = sourcecode.swift; path = AirportsMainView.swift; sourceTree = "<group>"; };
		11D4F4732A03E973001DDC46 /* AirportDetailView.swift */ = {isa = PBXFileReference; fileEncoding = 4; lastKnownFileType = sourcecode.swift; path = AirportDetailView.swift; sourceTree = "<group>"; };
		11D4F4762A03E973001DDC46 /* BannerViewController.swift */ = {isa = PBXFileReference; fileEncoding = 4; lastKnownFileType = sourcecode.swift; path = BannerViewController.swift; sourceTree = "<group>"; };
		11D4F4772A03E973001DDC46 /* AirportsViewController.swift */ = {isa = PBXFileReference; fileEncoding = 4; lastKnownFileType = sourcecode.swift; path = AirportsViewController.swift; sourceTree = "<group>"; };
		11D4F4832A041F9F001DDC46 /* AirportFilterViewController.swift */ = {isa = PBXFileReference; fileEncoding = 4; lastKnownFileType = sourcecode.swift; path = AirportFilterViewController.swift; sourceTree = "<group>"; };
		11D4F4852A041FC7001DDC46 /* AirportFilterView.swift */ = {isa = PBXFileReference; lastKnownFileType = sourcecode.swift; path = AirportFilterView.swift; sourceTree = "<group>"; };
		4E05C57329D98D4C00E228CD /* UIStackView.swift */ = {isa = PBXFileReference; lastKnownFileType = sourcecode.swift; path = UIStackView.swift; sourceTree = "<group>"; };
		4E08E50E29E2FAD800B6F8E1 /* PointAnnotation.swift */ = {isa = PBXFileReference; lastKnownFileType = sourcecode.swift; path = PointAnnotation.swift; sourceTree = "<group>"; };
		4E2C26AC29D73ECE005B6710 /* RxPointAnnotationManager.swift */ = {isa = PBXFileReference; lastKnownFileType = sourcecode.swift; path = RxPointAnnotationManager.swift; sourceTree = "<group>"; };
		4E3019BC29EAE38200852427 /* Runway.swift */ = {isa = PBXFileReference; lastKnownFileType = sourcecode.swift; path = Runway.swift; sourceTree = "<group>"; };
		4E3019BE29EAE38B00852427 /* Frequency.swift */ = {isa = PBXFileReference; lastKnownFileType = sourcecode.swift; path = Frequency.swift; sourceTree = "<group>"; };
		4E3019C029EAE39100852427 /* City.swift */ = {isa = PBXFileReference; lastKnownFileType = sourcecode.swift; path = City.swift; sourceTree = "<group>"; };
		4E3B3A9B29D43B4800971840 /* FlightGuide.app */ = {isa = PBXFileReference; explicitFileType = wrapper.application; includeInIndex = 0; path = FlightGuide.app; sourceTree = BUILT_PRODUCTS_DIR; };
		4E3B3A9E29D43B4800971840 /* AppDelegate.swift */ = {isa = PBXFileReference; lastKnownFileType = sourcecode.swift; path = AppDelegate.swift; sourceTree = "<group>"; };
		4E3B3AA029D43B4800971840 /* SceneDelegate.swift */ = {isa = PBXFileReference; lastKnownFileType = sourcecode.swift; path = SceneDelegate.swift; sourceTree = "<group>"; };
		4E3B3AA729D43B4800971840 /* Assets.xcassets */ = {isa = PBXFileReference; lastKnownFileType = folder.assetcatalog; path = Assets.xcassets; sourceTree = "<group>"; };
		4E3B3AAA29D43B4800971840 /* Base */ = {isa = PBXFileReference; lastKnownFileType = file.storyboard; name = Base; path = Base.lproj/LaunchScreen.storyboard; sourceTree = "<group>"; };
		4E3B3AAC29D43B4800971840 /* Info.plist */ = {isa = PBXFileReference; lastKnownFileType = text.plist.xml; path = Info.plist; sourceTree = "<group>"; };
		4E3C047429F9355F00CB08EB /* Database.swift */ = {isa = PBXFileReference; lastKnownFileType = sourcecode.swift; path = Database.swift; sourceTree = "<group>"; };
		4E4D50712A146050007D27FC /* AirportDetailView.xib */ = {isa = PBXFileReference; fileEncoding = 4; lastKnownFileType = file.xib; name = AirportDetailView.xib; path = ../../../../../../../../AirportDetailView.xib; sourceTree = "<group>"; };
		4E54DBC62A13DC5900CE8635 /* PivotModel.swift */ = {isa = PBXFileReference; lastKnownFileType = sourcecode.swift; path = PivotModel.swift; sourceTree = "<group>"; };
		4E5C2DDC29FC885B00B66A02 /* SearchPattern.swift */ = {isa = PBXFileReference; lastKnownFileType = sourcecode.swift; path = SearchPattern.swift; sourceTree = "<group>"; };
		4E5C2DDE29FC9E9700B66A02 /* BackgroundMap.swift */ = {isa = PBXFileReference; fileEncoding = 4; lastKnownFileType = sourcecode.swift; path = BackgroundMap.swift; sourceTree = "<group>"; };
		4E6157282A1471AF008BAD4B /* Numeric.swift */ = {isa = PBXFileReference; lastKnownFileType = sourcecode.swift; path = Numeric.swift; sourceTree = "<group>"; };
		4E63C9312A1122D300A86D15 /* Collection.swift */ = {isa = PBXFileReference; lastKnownFileType = sourcecode.swift; path = Collection.swift; sourceTree = "<group>"; };
		4E6B37AA29DBA1BB005B97F2 /* SkipNil.swift */ = {isa = PBXFileReference; lastKnownFileType = sourcecode.swift; path = SkipNil.swift; sourceTree = "<group>"; };
		4E6B37AC29DBA44E005B97F2 /* ReturnEmpty.swift */ = {isa = PBXFileReference; lastKnownFileType = sourcecode.swift; path = ReturnEmpty.swift; sourceTree = "<group>"; };
		4E78FBF22A137B27005DF136 /* aerokit_database.sqlite */ = {isa = PBXFileReference; lastKnownFileType = file; path = aerokit_database.sqlite; sourceTree = "<group>"; };
		4E87DA1829E1EA18000C5426 /* ErrorRouter.swift */ = {isa = PBXFileReference; lastKnownFileType = sourcecode.swift; path = ErrorRouter.swift; sourceTree = "<group>"; };
		4E8D18872A0E6C960087DCCD /* NoPasteTextField.swift */ = {isa = PBXFileReference; lastKnownFileType = sourcecode.swift; path = NoPasteTextField.swift; sourceTree = "<group>"; };
		4EA25E322A12C70600E561BE /* Cities.swift */ = {isa = PBXFileReference; lastKnownFileType = sourcecode.swift; path = Cities.swift; sourceTree = "<group>"; };
		4EA72A2A29D6365200836CDF /* Airport.swift */ = {isa = PBXFileReference; lastKnownFileType = sourcecode.swift; path = Airport.swift; sourceTree = "<group>"; };
		4EA72A2C29D636FA00836CDF /* APIRequest.swift */ = {isa = PBXFileReference; lastKnownFileType = sourcecode.swift; path = APIRequest.swift; sourceTree = "<group>"; };
		4EA72A2F29D6373000836CDF /* APIClient.swift */ = {isa = PBXFileReference; lastKnownFileType = sourcecode.swift; path = APIClient.swift; sourceTree = "<group>"; };
		4EA72A3129D6377400836CDF /* Network.swift */ = {isa = PBXFileReference; lastKnownFileType = sourcecode.swift; path = Network.swift; sourceTree = "<group>"; };
		4EAC54C429DF035700EDDA71 /* BlankView.swift */ = {isa = PBXFileReference; lastKnownFileType = sourcecode.swift; path = BlankView.swift; sourceTree = "<group>"; };
		4EB9007329D85ABE00C64110 /* SearchFieldView.swift */ = {isa = PBXFileReference; lastKnownFileType = sourcecode.swift; path = SearchFieldView.swift; sourceTree = "<group>"; };
		4EB9007529D8681900C64110 /* UIView.swift */ = {isa = PBXFileReference; lastKnownFileType = sourcecode.swift; path = UIView.swift; sourceTree = "<group>"; };
		4EBCA04229EAC2EC00363661 /* DatabaseManager.swift */ = {isa = PBXFileReference; lastKnownFileType = sourcecode.swift; path = DatabaseManager.swift; sourceTree = "<group>"; };
		4ECD111529FBEFAC009FA56C /* Airports.swift */ = {isa = PBXFileReference; lastKnownFileType = sourcecode.swift; path = Airports.swift; sourceTree = "<group>"; };
		4ECD111729FBEFDB009FA56C /* Runways.swift */ = {isa = PBXFileReference; lastKnownFileType = sourcecode.swift; path = Runways.swift; sourceTree = "<group>"; };
		4ECD111929FBF012009FA56C /* Frequencies.swift */ = {isa = PBXFileReference; lastKnownFileType = sourcecode.swift; path = Frequencies.swift; sourceTree = "<group>"; };
		4ECD111B29FC03F1009FA56C /* DatabaseFetcher.swift */ = {isa = PBXFileReference; lastKnownFileType = sourcecode.swift; path = DatabaseFetcher.swift; sourceTree = "<group>"; };
		4ECEC07B29D996EE0070195D /* UIColor.swift */ = {isa = PBXFileReference; lastKnownFileType = sourcecode.swift; path = UIColor.swift; sourceTree = "<group>"; };
		4ECEC07D29D9979C0070195D /* UIImageView.swift */ = {isa = PBXFileReference; lastKnownFileType = sourcecode.swift; path = UIImageView.swift; sourceTree = "<group>"; };
		4ECEC07F29D998D40070195D /* UIButton.swift */ = {isa = PBXFileReference; lastKnownFileType = sourcecode.swift; path = UIButton.swift; sourceTree = "<group>"; };
		4ECEC08329D99E910070195D /* String.swift */ = {isa = PBXFileReference; lastKnownFileType = sourcecode.swift; path = String.swift; sourceTree = "<group>"; };
		4EE0848E29FC75D600898DB3 /* AirportPreview.swift */ = {isa = PBXFileReference; lastKnownFileType = sourcecode.swift; path = AirportPreview.swift; sourceTree = "<group>"; };
		4EE5EE4029D588B6000AAE58 /* UIImage.swift */ = {isa = PBXFileReference; lastKnownFileType = sourcecode.swift; path = UIImage.swift; sourceTree = "<group>"; };
		4EEEECF229DE22AC00769E48 /* AirportCell.swift */ = {isa = PBXFileReference; lastKnownFileType = sourcecode.swift; path = AirportCell.swift; sourceTree = "<group>"; };
		4EEEECF329DE22AC00769E48 /* AirportCell.xib */ = {isa = PBXFileReference; lastKnownFileType = file.xib; path = AirportCell.xib; sourceTree = "<group>"; };
/* End PBXFileReference section */

/* Begin PBXFrameworksBuildPhase section */
		4E3B3A9829D43B4800971840 /* Frameworks */ = {
			isa = PBXFrameworksBuildPhase;
			buildActionMask = 2147483647;
			files = (
				4EBCA03E29EAA3E600363661 /* SQLite in Frameworks */,
				4E3B3AC129D4451D00971840 /* Alamofire in Frameworks */,
				4E3B3ABE29D444E400971840 /* RxSwift in Frameworks */,
				4E3B3AC429D4553000971840 /* MapboxMaps in Frameworks */,
				4E3B3ABC29D444E400971840 /* RxCocoa in Frameworks */,
				4EE5EE3E29D574E7000AAE58 /* SnapKit in Frameworks */,
			);
			runOnlyForDeploymentPostprocessing = 0;
		};
/* End PBXFrameworksBuildPhase section */

/* Begin PBXGroup section */
		113795592A0865FC00597299 /* Views */ = {
			isa = PBXGroup;
			children = (
				11D4F4852A041FC7001DDC46 /* AirportFilterView.swift */,
				1137955A2A08660E00597299 /* AirportFilterSearchItemsView.swift */,
				1137955C2A0866D500597299 /* AirportsFilterRunwaysLengthView.swift */,
				1137955E2A09372800597299 /* AirportsFilterRunwayLightView.swift */,
				113795602A093ADC00597299 /* AirportsFilterSelectionView.swift */,
			);
			path = Views;
			sourceTree = "<group>";
		};
		11D4F4632A03E8FC001DDC46 /* Scenes */ = {
			isa = PBXGroup;
			children = (
				11D4F46A2A03E973001DDC46 /* AirportsScene */,
				11D4F4642A03E8FC001DDC46 /* FilterScene */,
			);
			path = Scenes;
			sourceTree = "<group>";
		};
		11D4F4642A03E8FC001DDC46 /* FilterScene */ = {
			isa = PBXGroup;
			children = (
				113795592A0865FC00597299 /* Views */,
				11D4F4832A041F9F001DDC46 /* AirportFilterViewController.swift */,
			);
			path = FilterScene;
			sourceTree = "<group>";
		};
		11D4F46A2A03E973001DDC46 /* AirportsScene */ = {
			isa = PBXGroup;
			children = (
				11D4F46B2A03E973001DDC46 /* ViewModel */,
				11D4F46F2A03E973001DDC46 /* View */,
				11D4F4752A03E973001DDC46 /* ViewController */,
			);
			path = AirportsScene;
			sourceTree = "<group>";
		};
		11D4F46B2A03E973001DDC46 /* ViewModel */ = {
			isa = PBXGroup;
			children = (
				11D4F46C2A03E973001DDC46 /* AirportsViewModel.swift */,
				11D4F46D2A03E973001DDC46 /* AirportCellViewModel.swift */,
				11D4F46E2A03E973001DDC46 /* DetailViewModel.swift */,
			);
			path = ViewModel;
			sourceTree = "<group>";
		};
		11D4F46F2A03E973001DDC46 /* View */ = {
			isa = PBXGroup;
			children = (
				11D4F4702A03E973001DDC46 /* BannerUnderlayView.swift */,
				11D4F4712A03E973001DDC46 /* AirportsMainView.swift */,
				11D4F4722A03E973001DDC46 /* AirportDetailView */,
			);
			path = View;
			sourceTree = "<group>";
		};
		11D4F4722A03E973001DDC46 /* AirportDetailView */ = {
			isa = PBXGroup;
			children = (
				4E4D50712A146050007D27FC /* AirportDetailView.xib */,
				11D4F4732A03E973001DDC46 /* AirportDetailView.swift */,
			);
			path = AirportDetailView;
			sourceTree = "<group>";
		};
		11D4F4752A03E973001DDC46 /* ViewController */ = {
			isa = PBXGroup;
			children = (
				11D4F4762A03E973001DDC46 /* BannerViewController.swift */,
				11D4F4772A03E973001DDC46 /* AirportsViewController.swift */,
			);
			path = ViewController;
			sourceTree = "<group>";
		};
		4E08E50C29E2FAB300B6F8E1 /* Mapbox */ = {
			isa = PBXGroup;
			children = (
				4E08E50E29E2FAD800B6F8E1 /* PointAnnotation.swift */,
			);
			path = Mapbox;
			sourceTree = "<group>";
		};
		4E2C26A629D71428005B6710 /* Reactive */ = {
			isa = PBXGroup;
			children = (
				4E2C26A729D7144D005B6710 /* Delegates */,
				4E87DA1829E1EA18000C5426 /* ErrorRouter.swift */,
			);
			path = Reactive;
			sourceTree = "<group>";
		};
		4E2C26A729D7144D005B6710 /* Delegates */ = {
			isa = PBXGroup;
			children = (
				4E2C26AC29D73ECE005B6710 /* RxPointAnnotationManager.swift */,
			);
			path = Delegates;
			sourceTree = "<group>";
		};
		4E3B3A9229D43B4800971840 = {
			isa = PBXGroup;
			children = (
				4E3B3A9D29D43B4800971840 /* FlightGuide */,
				4E3B3A9C29D43B4800971840 /* Products */,
			);
			sourceTree = "<group>";
		};
		4E3B3A9C29D43B4800971840 /* Products */ = {
			isa = PBXGroup;
			children = (
				4E3B3A9B29D43B4800971840 /* FlightGuide.app */,
			);
			name = Products;
			sourceTree = "<group>";
		};
		4E3B3A9D29D43B4800971840 /* FlightGuide */ = {
			isa = PBXGroup;
			children = (
				4E5C2DDB29FC884A00B66A02 /* Helpers */,
				4E56B23129DB73E400D4BF12 /* ComponentsLibrary */,
				4E3B3AB629D43F0800971840 /* Application */,
				4E2C26A629D71428005B6710 /* Reactive */,
				4EB4CF2229D5893C00830FB7 /* Extensions */,
				4EA72A2929D6363400836CDF /* Model */,
				11D4F4632A03E8FC001DDC46 /* Scenes */,
				4EBCA03F29EAB2A800363661 /* Services */,
				4EE5EE3F29D58889000AAE58 /* Constants */,
				4E3B3AB729D43F1D00971840 /* Ressources */,
				4E3B3AB829D43F2D00971840 /* Supporting */,
			);
			path = FlightGuide;
			sourceTree = "<group>";
		};
		4E3B3AB629D43F0800971840 /* Application */ = {
			isa = PBXGroup;
			children = (
				4E3B3AA029D43B4800971840 /* SceneDelegate.swift */,
				4E3B3A9E29D43B4800971840 /* AppDelegate.swift */,
			);
			path = Application;
			sourceTree = "<group>";
		};
		4E3B3AB729D43F1D00971840 /* Ressources */ = {
			isa = PBXGroup;
			children = (
				4E78FBF22A137B27005DF136 /* aerokit_database.sqlite */,
				4E3B3AA729D43B4800971840 /* Assets.xcassets */,
			);
			path = Ressources;
			sourceTree = "<group>";
		};
		4E3B3AB829D43F2D00971840 /* Supporting */ = {
			isa = PBXGroup;
			children = (
				4E3B3AAC29D43B4800971840 /* Info.plist */,
				4E3B3AA929D43B4800971840 /* LaunchScreen.storyboard */,
			);
			path = Supporting;
			sourceTree = "<group>";
		};
		4E56B23129DB73E400D4BF12 /* ComponentsLibrary */ = {
			isa = PBXGroup;
			children = (
				4E8C3B2129DDC036003FB8B0 /* ResultCell */,
				4EB9007329D85ABE00C64110 /* SearchFieldView.swift */,
				4EAC54C429DF035700EDDA71 /* BlankView.swift */,
				4E8D18872A0E6C960087DCCD /* NoPasteTextField.swift */,
			);
			path = ComponentsLibrary;
			sourceTree = "<group>";
		};
		4E5C2DDB29FC884A00B66A02 /* Helpers */ = {
			isa = PBXGroup;
			children = (
				4E5C2DDC29FC885B00B66A02 /* SearchPattern.swift */,
			);
			path = Helpers;
			sourceTree = "<group>";
		};
		4E6B37A929DBA1A5005B97F2 /* ReactiveUtilities */ = {
			isa = PBXGroup;
			children = (
				4E5C2DDE29FC9E9700B66A02 /* BackgroundMap.swift */,
				4E6B37AA29DBA1BB005B97F2 /* SkipNil.swift */,
				4E6B37AC29DBA44E005B97F2 /* ReturnEmpty.swift */,
			);
			path = ReactiveUtilities;
			sourceTree = "<group>";
		};
		4E8C3B2129DDC036003FB8B0 /* ResultCell */ = {
			isa = PBXGroup;
			children = (
				4EEEECF229DE22AC00769E48 /* AirportCell.swift */,
				4EEEECF329DE22AC00769E48 /* AirportCell.xib */,
			);
			path = ResultCell;
			sourceTree = "<group>";
		};
		4E8FD6C329D61D6500BAD4CE /* Network */ = {
			isa = PBXGroup;
			children = (
				4EA72A2C29D636FA00836CDF /* APIRequest.swift */,
				4EA72A2F29D6373000836CDF /* APIClient.swift */,
			);
			path = Network;
			sourceTree = "<group>";
		};
		4EA72A2929D6363400836CDF /* Model */ = {
			isa = PBXGroup;
			children = (
				4EA72A2A29D6365200836CDF /* Airport.swift */,
				4E3019BC29EAE38200852427 /* Runway.swift */,
				4E3019BE29EAE38B00852427 /* Frequency.swift */,
				4E3019C029EAE39100852427 /* City.swift */,
				4EE0848E29FC75D600898DB3 /* AirportPreview.swift */,
				113795512A07F60000597299 /* RunwaySurface.swift */,
				113795532A07F67600597299 /* AirportType.swift */,
				113795552A07F70A00597299 /* AirportFilterItem.swift */,
				113795572A07F77D00597299 /* AirportFilterSettings.swift */,
				4E54DBC62A13DC5900CE8635 /* PivotModel.swift */,
			);
			path = Model;
			sourceTree = "<group>";
		};
		4EB4CF2229D5893C00830FB7 /* Extensions */ = {
			isa = PBXGroup;
			children = (
				4E08E50C29E2FAB300B6F8E1 /* Mapbox */,
				4E6B37A929DBA1A5005B97F2 /* ReactiveUtilities */,
				4ECEC08229D99E7F0070195D /* Fundamentals */,
				4EB4CF2329D5895400830FB7 /* UIKit */,
			);
			path = Extensions;
			sourceTree = "<group>";
		};
		4EB4CF2329D5895400830FB7 /* UIKit */ = {
			isa = PBXGroup;
			children = (
				4EE5EE4029D588B6000AAE58 /* UIImage.swift */,
				4EB9007529D8681900C64110 /* UIView.swift */,
				4E05C57329D98D4C00E228CD /* UIStackView.swift */,
				4ECEC07B29D996EE0070195D /* UIColor.swift */,
				4ECEC07D29D9979C0070195D /* UIImageView.swift */,
				4ECEC07F29D998D40070195D /* UIButton.swift */,
			);
			path = UIKit;
			sourceTree = "<group>";
		};
		4EBCA03F29EAB2A800363661 /* Services */ = {
			isa = PBXGroup;
			children = (
				4EBCA04129EAC2DC00363661 /* Database */,
				4E8FD6C329D61D6500BAD4CE /* Network */,
			);
			path = Services;
			sourceTree = "<group>";
		};
		4EBCA04129EAC2DC00363661 /* Database */ = {
			isa = PBXGroup;
			children = (
				4ECD111429FBEF99009FA56C /* Fields */,
				4EBCA04229EAC2EC00363661 /* DatabaseManager.swift */,
				4ECD111B29FC03F1009FA56C /* DatabaseFetcher.swift */,
			);
			path = Database;
			sourceTree = "<group>";
		};
		4ECD111429FBEF99009FA56C /* Fields */ = {
			isa = PBXGroup;
			children = (
				4ECD111529FBEFAC009FA56C /* Airports.swift */,
				4ECD111729FBEFDB009FA56C /* Runways.swift */,
				4ECD111929FBF012009FA56C /* Frequencies.swift */,
				4EA25E322A12C70600E561BE /* Cities.swift */,
			);
			path = Fields;
			sourceTree = "<group>";
		};
		4ECEC08229D99E7F0070195D /* Fundamentals */ = {
			isa = PBXGroup;
			children = (
				4ECEC08329D99E910070195D /* String.swift */,
				4E63C9312A1122D300A86D15 /* Collection.swift */,
				4E6157282A1471AF008BAD4B /* Numeric.swift */,
			);
			path = Fundamentals;
			sourceTree = "<group>";
		};
		4EE5EE3F29D58889000AAE58 /* Constants */ = {
			isa = PBXGroup;
			children = (
				4EA72A3129D6377400836CDF /* Network.swift */,
				4E3C047429F9355F00CB08EB /* Database.swift */,
			);
			path = Constants;
			sourceTree = "<group>";
		};
/* End PBXGroup section */

/* Begin PBXNativeTarget section */
		4E3B3A9A29D43B4800971840 /* FlightGuide */ = {
			isa = PBXNativeTarget;
			buildConfigurationList = 4E3B3AAF29D43B4800971840 /* Build configuration list for PBXNativeTarget "FlightGuide" */;
			buildPhases = (
				4E3B3A9729D43B4800971840 /* Sources */,
				4E3B3A9829D43B4800971840 /* Frameworks */,
				4E3B3A9929D43B4800971840 /* Resources */,
			);
			buildRules = (
			);
			dependencies = (
			);
			name = FlightGuide;
			packageProductDependencies = (
				4E3B3ABB29D444E400971840 /* RxCocoa */,
				4E3B3ABD29D444E400971840 /* RxSwift */,
				4E3B3AC029D4451D00971840 /* Alamofire */,
				4E3B3AC329D4553000971840 /* MapboxMaps */,
				4EE5EE3D29D574E7000AAE58 /* SnapKit */,
				4EBCA03D29EAA3E600363661 /* SQLite */,
			);
			productName = FlightGuide;
			productReference = 4E3B3A9B29D43B4800971840 /* FlightGuide.app */;
			productType = "com.apple.product-type.application";
		};
/* End PBXNativeTarget section */

/* Begin PBXProject section */
		4E3B3A9329D43B4800971840 /* Project object */ = {
			isa = PBXProject;
			attributes = {
				BuildIndependentTargetsInParallel = 1;
				LastSwiftUpdateCheck = 1420;
				LastUpgradeCheck = 1420;
				TargetAttributes = {
					4E3B3A9A29D43B4800971840 = {
						CreatedOnToolsVersion = 14.2;
					};
				};
			};
			buildConfigurationList = 4E3B3A9629D43B4800971840 /* Build configuration list for PBXProject "FlightGuide" */;
			compatibilityVersion = "Xcode 14.0";
			developmentRegion = en;
			hasScannedForEncodings = 0;
			knownRegions = (
				en,
				Base,
			);
			mainGroup = 4E3B3A9229D43B4800971840;
			packageReferences = (
				4E3B3ABA29D444E400971840 /* XCRemoteSwiftPackageReference "RxSwift" */,
				4E3B3ABF29D4451D00971840 /* XCRemoteSwiftPackageReference "Alamofire" */,
				4E3B3AC229D4553000971840 /* XCRemoteSwiftPackageReference "mapbox-maps-ios" */,
				4EE5EE3C29D574E7000AAE58 /* XCRemoteSwiftPackageReference "SnapKit" */,
				4EBCA03C29EAA3E600363661 /* XCRemoteSwiftPackageReference "SQLite.swift" */,
			);
			productRefGroup = 4E3B3A9C29D43B4800971840 /* Products */;
			projectDirPath = "";
			projectRoot = "";
			targets = (
				4E3B3A9A29D43B4800971840 /* FlightGuide */,
			);
		};
/* End PBXProject section */

/* Begin PBXResourcesBuildPhase section */
		4E3B3A9929D43B4800971840 /* Resources */ = {
			isa = PBXResourcesBuildPhase;
			buildActionMask = 2147483647;
			files = (
				4E78FBF32A137B27005DF136 /* aerokit_database.sqlite in Resources */,
				4E3B3AAB29D43B4800971840 /* LaunchScreen.storyboard in Resources */,
				4EEEECF529DE22AC00769E48 /* AirportCell.xib in Resources */,
				4E3B3AA829D43B4800971840 /* Assets.xcassets in Resources */,
				4E4D50722A146050007D27FC /* AirportDetailView.xib in Resources */,
			);
			runOnlyForDeploymentPostprocessing = 0;
		};
/* End PBXResourcesBuildPhase section */

/* Begin PBXSourcesBuildPhase section */
		4E3B3A9729D43B4800971840 /* Sources */ = {
			isa = PBXSourcesBuildPhase;
			buildActionMask = 2147483647;
			files = (
				4E3019BD29EAE38200852427 /* Runway.swift in Sources */,
				4EA72A3229D6377400836CDF /* Network.swift in Sources */,
				4ECD111A29FBF012009FA56C /* Frequencies.swift in Sources */,
				4EBCA04329EAC2EC00363661 /* DatabaseManager.swift in Sources */,
				11D4F4842A041F9F001DDC46 /* AirportFilterViewController.swift in Sources */,
				1137955D2A0866D500597299 /* AirportsFilterRunwaysLengthView.swift in Sources */,
				4ECEC08429D99E910070195D /* String.swift in Sources */,
				4E05C57429D98D4C00E228CD /* UIStackView.swift in Sources */,
				4ECD111C29FC03F1009FA56C /* DatabaseFetcher.swift in Sources */,
				113795582A07F77D00597299 /* AirportFilterSettings.swift in Sources */,
				4ECD111629FBEFAC009FA56C /* Airports.swift in Sources */,
				4E6157292A1471AF008BAD4B /* Numeric.swift in Sources */,
				4E3B3A9F29D43B4800971840 /* AppDelegate.swift in Sources */,
				4ECEC08029D998D40070195D /* UIButton.swift in Sources */,
				11D4F47F2A03E973001DDC46 /* BannerViewController.swift in Sources */,
				4E5C2DDF29FC9E9700B66A02 /* BackgroundMap.swift in Sources */,
				4E63C9322A1122D300A86D15 /* Collection.swift in Sources */,
				11D4F47C2A03E973001DDC46 /* AirportsMainView.swift in Sources */,
				4E8D18882A0E6C960087DCCD /* NoPasteTextField.swift in Sources */,
				4ECEC07C29D996EE0070195D /* UIColor.swift in Sources */,
				11D4F4782A03E973001DDC46 /* AirportsViewModel.swift in Sources */,
				4E6B37AD29DBA44E005B97F2 /* ReturnEmpty.swift in Sources */,
				4E54DBC72A13DC5900CE8635 /* PivotModel.swift in Sources */,
				113795522A07F60000597299 /* RunwaySurface.swift in Sources */,
				4E08E50F29E2FAD800B6F8E1 /* PointAnnotation.swift in Sources */,
				4EA72A2B29D6365200836CDF /* Airport.swift in Sources */,
				4E5C2DDD29FC885B00B66A02 /* SearchPattern.swift in Sources */,
				4EE5EE4129D588B6000AAE58 /* UIImage.swift in Sources */,
				4ECEC07E29D9979C0070195D /* UIImageView.swift in Sources */,
				4EEEECF429DE22AC00769E48 /* AirportCell.swift in Sources */,
				4ECD111829FBEFDB009FA56C /* Runways.swift in Sources */,
				4EAC54C529DF035700EDDA71 /* BlankView.swift in Sources */,
				113795542A07F67600597299 /* AirportType.swift in Sources */,
				11D4F47B2A03E973001DDC46 /* BannerUnderlayView.swift in Sources */,
				4EA72A2D29D636FA00836CDF /* APIRequest.swift in Sources */,
				4EB9007629D8681900C64110 /* UIView.swift in Sources */,
				11D4F4792A03E973001DDC46 /* AirportCellViewModel.swift in Sources */,
				4E6B37AB29DBA1BB005B97F2 /* SkipNil.swift in Sources */,
				11D4F4802A03E973001DDC46 /* AirportsViewController.swift in Sources */,
				4EA72A3029D6373000836CDF /* APIClient.swift in Sources */,
				1137955B2A08660E00597299 /* AirportFilterSearchItemsView.swift in Sources */,
				11D4F4862A041FC7001DDC46 /* AirportFilterView.swift in Sources */,
				4EB9007429D85ABE00C64110 /* SearchFieldView.swift in Sources */,
				4E3019BF29EAE38B00852427 /* Frequency.swift in Sources */,
				4EA25E332A12C70600E561BE /* Cities.swift in Sources */,
				4E3019C129EAE39100852427 /* City.swift in Sources */,
				4E3C047529F9355F00CB08EB /* Database.swift in Sources */,
				11D4F47A2A03E973001DDC46 /* DetailViewModel.swift in Sources */,
				1137955F2A09372800597299 /* AirportsFilterRunwayLightView.swift in Sources */,
				113795612A093ADC00597299 /* AirportsFilterSelectionView.swift in Sources */,
				113795562A07F70A00597299 /* AirportFilterItem.swift in Sources */,
				4EE0848F29FC75D600898DB3 /* AirportPreview.swift in Sources */,
				4E87DA1929E1EA18000C5426 /* ErrorRouter.swift in Sources */,
				4E3B3AA129D43B4800971840 /* SceneDelegate.swift in Sources */,
				4E2C26AD29D73ECE005B6710 /* RxPointAnnotationManager.swift in Sources */,
				11D4F47D2A03E973001DDC46 /* AirportDetailView.swift in Sources */,
			);
			runOnlyForDeploymentPostprocessing = 0;
		};
/* End PBXSourcesBuildPhase section */

/* Begin PBXVariantGroup section */
		4E3B3AA929D43B4800971840 /* LaunchScreen.storyboard */ = {
			isa = PBXVariantGroup;
			children = (
				4E3B3AAA29D43B4800971840 /* Base */,
			);
			name = LaunchScreen.storyboard;
			sourceTree = "<group>";
		};
/* End PBXVariantGroup section */

/* Begin XCBuildConfiguration section */
		4E3B3AAD29D43B4800971840 /* Debug */ = {
			isa = XCBuildConfiguration;
			buildSettings = {
				ALWAYS_SEARCH_USER_PATHS = NO;
				CLANG_ANALYZER_NONNULL = YES;
				CLANG_ANALYZER_NUMBER_OBJECT_CONVERSION = YES_AGGRESSIVE;
				CLANG_CXX_LANGUAGE_STANDARD = "gnu++20";
				CLANG_ENABLE_MODULES = YES;
				CLANG_ENABLE_OBJC_ARC = YES;
				CLANG_ENABLE_OBJC_WEAK = YES;
				CLANG_WARN_BLOCK_CAPTURE_AUTORELEASING = YES;
				CLANG_WARN_BOOL_CONVERSION = YES;
				CLANG_WARN_COMMA = YES;
				CLANG_WARN_CONSTANT_CONVERSION = YES;
				CLANG_WARN_DEPRECATED_OBJC_IMPLEMENTATIONS = YES;
				CLANG_WARN_DIRECT_OBJC_ISA_USAGE = YES_ERROR;
				CLANG_WARN_DOCUMENTATION_COMMENTS = YES;
				CLANG_WARN_EMPTY_BODY = YES;
				CLANG_WARN_ENUM_CONVERSION = YES;
				CLANG_WARN_INFINITE_RECURSION = YES;
				CLANG_WARN_INT_CONVERSION = YES;
				CLANG_WARN_NON_LITERAL_NULL_CONVERSION = YES;
				CLANG_WARN_OBJC_IMPLICIT_RETAIN_SELF = YES;
				CLANG_WARN_OBJC_LITERAL_CONVERSION = YES;
				CLANG_WARN_OBJC_ROOT_CLASS = YES_ERROR;
				CLANG_WARN_QUOTED_INCLUDE_IN_FRAMEWORK_HEADER = YES;
				CLANG_WARN_RANGE_LOOP_ANALYSIS = YES;
				CLANG_WARN_STRICT_PROTOTYPES = YES;
				CLANG_WARN_SUSPICIOUS_MOVE = YES;
				CLANG_WARN_UNGUARDED_AVAILABILITY = YES_AGGRESSIVE;
				CLANG_WARN_UNREACHABLE_CODE = YES;
				CLANG_WARN__DUPLICATE_METHOD_MATCH = YES;
				COPY_PHASE_STRIP = NO;
				DEBUG_INFORMATION_FORMAT = dwarf;
				ENABLE_STRICT_OBJC_MSGSEND = YES;
				ENABLE_TESTABILITY = YES;
				GCC_C_LANGUAGE_STANDARD = gnu11;
				GCC_DYNAMIC_NO_PIC = NO;
				GCC_NO_COMMON_BLOCKS = YES;
				GCC_OPTIMIZATION_LEVEL = 0;
				GCC_PREPROCESSOR_DEFINITIONS = (
					"DEBUG=1",
					"$(inherited)",
				);
				GCC_WARN_64_TO_32_BIT_CONVERSION = YES;
				GCC_WARN_ABOUT_RETURN_TYPE = YES_ERROR;
				GCC_WARN_UNDECLARED_SELECTOR = YES;
				GCC_WARN_UNINITIALIZED_AUTOS = YES_AGGRESSIVE;
				GCC_WARN_UNUSED_FUNCTION = YES;
				GCC_WARN_UNUSED_VARIABLE = YES;
				IPHONEOS_DEPLOYMENT_TARGET = 16.2;
				MTL_ENABLE_DEBUG_INFO = INCLUDE_SOURCE;
				MTL_FAST_MATH = YES;
				ONLY_ACTIVE_ARCH = YES;
				SDKROOT = iphoneos;
				SWIFT_ACTIVE_COMPILATION_CONDITIONS = DEBUG;
				SWIFT_OPTIMIZATION_LEVEL = "-Onone";
			};
			name = Debug;
		};
		4E3B3AAE29D43B4800971840 /* Release */ = {
			isa = XCBuildConfiguration;
			buildSettings = {
				ALWAYS_SEARCH_USER_PATHS = NO;
				CLANG_ANALYZER_NONNULL = YES;
				CLANG_ANALYZER_NUMBER_OBJECT_CONVERSION = YES_AGGRESSIVE;
				CLANG_CXX_LANGUAGE_STANDARD = "gnu++20";
				CLANG_ENABLE_MODULES = YES;
				CLANG_ENABLE_OBJC_ARC = YES;
				CLANG_ENABLE_OBJC_WEAK = YES;
				CLANG_WARN_BLOCK_CAPTURE_AUTORELEASING = YES;
				CLANG_WARN_BOOL_CONVERSION = YES;
				CLANG_WARN_COMMA = YES;
				CLANG_WARN_CONSTANT_CONVERSION = YES;
				CLANG_WARN_DEPRECATED_OBJC_IMPLEMENTATIONS = YES;
				CLANG_WARN_DIRECT_OBJC_ISA_USAGE = YES_ERROR;
				CLANG_WARN_DOCUMENTATION_COMMENTS = YES;
				CLANG_WARN_EMPTY_BODY = YES;
				CLANG_WARN_ENUM_CONVERSION = YES;
				CLANG_WARN_INFINITE_RECURSION = YES;
				CLANG_WARN_INT_CONVERSION = YES;
				CLANG_WARN_NON_LITERAL_NULL_CONVERSION = YES;
				CLANG_WARN_OBJC_IMPLICIT_RETAIN_SELF = YES;
				CLANG_WARN_OBJC_LITERAL_CONVERSION = YES;
				CLANG_WARN_OBJC_ROOT_CLASS = YES_ERROR;
				CLANG_WARN_QUOTED_INCLUDE_IN_FRAMEWORK_HEADER = YES;
				CLANG_WARN_RANGE_LOOP_ANALYSIS = YES;
				CLANG_WARN_STRICT_PROTOTYPES = YES;
				CLANG_WARN_SUSPICIOUS_MOVE = YES;
				CLANG_WARN_UNGUARDED_AVAILABILITY = YES_AGGRESSIVE;
				CLANG_WARN_UNREACHABLE_CODE = YES;
				CLANG_WARN__DUPLICATE_METHOD_MATCH = YES;
				COPY_PHASE_STRIP = NO;
				DEBUG_INFORMATION_FORMAT = "dwarf-with-dsym";
				ENABLE_NS_ASSERTIONS = NO;
				ENABLE_STRICT_OBJC_MSGSEND = YES;
				GCC_C_LANGUAGE_STANDARD = gnu11;
				GCC_NO_COMMON_BLOCKS = YES;
				GCC_WARN_64_TO_32_BIT_CONVERSION = YES;
				GCC_WARN_ABOUT_RETURN_TYPE = YES_ERROR;
				GCC_WARN_UNDECLARED_SELECTOR = YES;
				GCC_WARN_UNINITIALIZED_AUTOS = YES_AGGRESSIVE;
				GCC_WARN_UNUSED_FUNCTION = YES;
				GCC_WARN_UNUSED_VARIABLE = YES;
				IPHONEOS_DEPLOYMENT_TARGET = 16.2;
				MTL_ENABLE_DEBUG_INFO = NO;
				MTL_FAST_MATH = YES;
				SDKROOT = iphoneos;
				SWIFT_COMPILATION_MODE = wholemodule;
				SWIFT_OPTIMIZATION_LEVEL = "-O";
				VALIDATE_PRODUCT = YES;
			};
			name = Release;
		};
		4E3B3AB029D43B4800971840 /* Debug */ = {
			isa = XCBuildConfiguration;
			buildSettings = {
				ASSETCATALOG_COMPILER_APPICON_NAME = AppIcon;
				ASSETCATALOG_COMPILER_GLOBAL_ACCENT_COLOR_NAME = AccentColor;
				CODE_SIGN_STYLE = Automatic;
				CURRENT_PROJECT_VERSION = 1;
				DEVELOPMENT_TEAM = 5ZYV4X786K;
				GENERATE_INFOPLIST_FILE = YES;
				INFOPLIST_FILE = FlightGuide/Supporting/Info.plist;
				INFOPLIST_KEY_UIApplicationSupportsIndirectInputEvents = YES;
				INFOPLIST_KEY_UILaunchStoryboardName = LaunchScreen;
				INFOPLIST_KEY_UISupportedInterfaceOrientations_iPad = "UIInterfaceOrientationPortrait UIInterfaceOrientationPortraitUpsideDown UIInterfaceOrientationLandscapeLeft UIInterfaceOrientationLandscapeRight";
				INFOPLIST_KEY_UISupportedInterfaceOrientations_iPhone = "UIInterfaceOrientationPortrait UIInterfaceOrientationLandscapeLeft UIInterfaceOrientationLandscapeRight";
				IPHONEOS_DEPLOYMENT_TARGET = 14.0;
				LD_RUNPATH_SEARCH_PATHS = (
					"$(inherited)",
					"@executable_path/Frameworks",
				);
				MARKETING_VERSION = 1.0;
				PRODUCT_BUNDLE_IDENTIFIER = "-.FlightGuide";
				PRODUCT_NAME = "$(TARGET_NAME)";
				SWIFT_EMIT_LOC_STRINGS = YES;
				SWIFT_VERSION = 5.0;
				TARGETED_DEVICE_FAMILY = "1,2";
			};
			name = Debug;
		};
		4E3B3AB129D43B4800971840 /* Release */ = {
			isa = XCBuildConfiguration;
			buildSettings = {
				ASSETCATALOG_COMPILER_APPICON_NAME = AppIcon;
				ASSETCATALOG_COMPILER_GLOBAL_ACCENT_COLOR_NAME = AccentColor;
				CODE_SIGN_STYLE = Automatic;
				CURRENT_PROJECT_VERSION = 1;
				DEVELOPMENT_TEAM = 5ZYV4X786K;
				GENERATE_INFOPLIST_FILE = YES;
				INFOPLIST_FILE = FlightGuide/Supporting/Info.plist;
				INFOPLIST_KEY_UIApplicationSupportsIndirectInputEvents = YES;
				INFOPLIST_KEY_UILaunchStoryboardName = LaunchScreen;
				INFOPLIST_KEY_UISupportedInterfaceOrientations_iPad = "UIInterfaceOrientationPortrait UIInterfaceOrientationPortraitUpsideDown UIInterfaceOrientationLandscapeLeft UIInterfaceOrientationLandscapeRight";
				INFOPLIST_KEY_UISupportedInterfaceOrientations_iPhone = "UIInterfaceOrientationPortrait UIInterfaceOrientationLandscapeLeft UIInterfaceOrientationLandscapeRight";
				IPHONEOS_DEPLOYMENT_TARGET = 14.0;
				LD_RUNPATH_SEARCH_PATHS = (
					"$(inherited)",
					"@executable_path/Frameworks",
				);
				MARKETING_VERSION = 1.0;
				PRODUCT_BUNDLE_IDENTIFIER = "-.FlightGuide";
				PRODUCT_NAME = "$(TARGET_NAME)";
				SWIFT_EMIT_LOC_STRINGS = YES;
				SWIFT_VERSION = 5.0;
				TARGETED_DEVICE_FAMILY = "1,2";
			};
			name = Release;
		};
/* End XCBuildConfiguration section */

/* Begin XCConfigurationList section */
		4E3B3A9629D43B4800971840 /* Build configuration list for PBXProject "FlightGuide" */ = {
			isa = XCConfigurationList;
			buildConfigurations = (
				4E3B3AAD29D43B4800971840 /* Debug */,
				4E3B3AAE29D43B4800971840 /* Release */,
			);
			defaultConfigurationIsVisible = 0;
			defaultConfigurationName = Release;
		};
		4E3B3AAF29D43B4800971840 /* Build configuration list for PBXNativeTarget "FlightGuide" */ = {
			isa = XCConfigurationList;
			buildConfigurations = (
				4E3B3AB029D43B4800971840 /* Debug */,
				4E3B3AB129D43B4800971840 /* Release */,
			);
			defaultConfigurationIsVisible = 0;
			defaultConfigurationName = Release;
		};
/* End XCConfigurationList section */

/* Begin XCRemoteSwiftPackageReference section */
		4E3B3ABA29D444E400971840 /* XCRemoteSwiftPackageReference "RxSwift" */ = {
			isa = XCRemoteSwiftPackageReference;
			repositoryURL = "https://github.com/ReactiveX/RxSwift.git";
			requirement = {
				branch = main;
				kind = branch;
			};
		};
		4E3B3ABF29D4451D00971840 /* XCRemoteSwiftPackageReference "Alamofire" */ = {
			isa = XCRemoteSwiftPackageReference;
			repositoryURL = "https://github.com/Alamofire/Alamofire.git";
			requirement = {
				branch = master;
				kind = branch;
			};
		};
		4E3B3AC229D4553000971840 /* XCRemoteSwiftPackageReference "mapbox-maps-ios" */ = {
			isa = XCRemoteSwiftPackageReference;
			repositoryURL = "https://github.com/mapbox/mapbox-maps-ios.git";
			requirement = {
				branch = main;
				kind = branch;
			};
		};
		4EBCA03C29EAA3E600363661 /* XCRemoteSwiftPackageReference "SQLite.swift" */ = {
			isa = XCRemoteSwiftPackageReference;
			repositoryURL = "https://github.com/stephencelis/SQLite.swift.git";
			requirement = {
				kind = upToNextMajorVersion;
				minimumVersion = 0.9.2;
			};
		};
		4EE5EE3C29D574E7000AAE58 /* XCRemoteSwiftPackageReference "SnapKit" */ = {
			isa = XCRemoteSwiftPackageReference;
			repositoryURL = "https://github.com/SnapKit/SnapKit";
			requirement = {
				kind = exactVersion;
				version = 5.6.0;
			};
		};
/* End XCRemoteSwiftPackageReference section */

/* Begin XCSwiftPackageProductDependency section */
		4E3B3ABB29D444E400971840 /* RxCocoa */ = {
			isa = XCSwiftPackageProductDependency;
			package = 4E3B3ABA29D444E400971840 /* XCRemoteSwiftPackageReference "RxSwift" */;
			productName = RxCocoa;
		};
		4E3B3ABD29D444E400971840 /* RxSwift */ = {
			isa = XCSwiftPackageProductDependency;
			package = 4E3B3ABA29D444E400971840 /* XCRemoteSwiftPackageReference "RxSwift" */;
			productName = RxSwift;
		};
		4E3B3AC029D4451D00971840 /* Alamofire */ = {
			isa = XCSwiftPackageProductDependency;
			package = 4E3B3ABF29D4451D00971840 /* XCRemoteSwiftPackageReference "Alamofire" */;
			productName = Alamofire;
		};
		4E3B3AC329D4553000971840 /* MapboxMaps */ = {
			isa = XCSwiftPackageProductDependency;
			package = 4E3B3AC229D4553000971840 /* XCRemoteSwiftPackageReference "mapbox-maps-ios" */;
			productName = MapboxMaps;
		};
		4EBCA03D29EAA3E600363661 /* SQLite */ = {
			isa = XCSwiftPackageProductDependency;
			package = 4EBCA03C29EAA3E600363661 /* XCRemoteSwiftPackageReference "SQLite.swift" */;
			productName = SQLite;
		};
		4EE5EE3D29D574E7000AAE58 /* SnapKit */ = {
			isa = XCSwiftPackageProductDependency;
			package = 4EE5EE3C29D574E7000AAE58 /* XCRemoteSwiftPackageReference "SnapKit" */;
			productName = SnapKit;
		};
/* End XCSwiftPackageProductDependency section */
	};
	rootObject = 4E3B3A9329D43B4800971840 /* Project object */;
}
